{
  "name": "promdeobf",
  "version": "1.0.0",
  "lockfileVersion": 3,
  "requires": true,
  "packages": {
    "": {
      "name": "promdeobf",
      "version": "1.0.0",
      "dependencies": {
        "luau-web": "1.4.0"
      }
    },
    "node_modules/luau-web": {
      "version": "1.4.0",
      "resolved": "https://registry.npmjs.org/luau-web/-/luau-web-1.4.0.tgz",
      "integrity": "sha512-IZPMHMRBlM3bKYUnzwoptqIzSf7F5ZjuUeYpColLydq+2D6LucUKUEhViEMBD1r5gTEh/AV0bvuzTcis+KXfkQ==",
      "license": "MIT"
    }
  }
}
